github.com/20yyq/can-debugger v0.0.3 h1:fI7n+U7qa/cHl4m3ALhzNSPAYVkxSWzb6YCVfs3Eki0=
github.com/20yyq/can-debugger v0.0.3/go.mod h1:QOA8inXR6Qk+1QueEEZ9Y8VxUYVGUXQzbrVXx0FKMWQ=
github.com/20yyq/packet v0.1.4-0.20230920035016-fd1212fc6ec6 h1:UthtOiDW6OaI4gvL3O8Q9DIWYZkSFS8KtYe6bJYTphg=
github.com/20yyq/packet v0.1.4-0.20230920035016-fd1212fc6ec6/go.mod h1:A4zhpIl5kFE5oP65EQi/IkTn3xqo3smzZ6yqiBaxl7I=
golang.org/x/sys v0.13.0 h1:Af8nKPmuFypiUBjVoU9V20FiaFXOcuZI21p0ycVYYGE=
golang.org/x/sys v0.13.0/go.mod h1:oPkhp1MJrh7nUepCBck5+mAzfO9JrbApNNgaTdGDITg=
